<Solution>
  <Folder Name="/src/">
    <Project Path="src/Api/Api.csproj" />
    <Project Path="src/AppHost/AppHost.csproj" />
    <Project Path="src/ServiceDefaults/ServiceDefaults.csproj" />
  </Folder>
  <Folder Name="/tests/">
    <Project Path="tests/Api.ArchitectureTests/Api.ArchitectureTests.csproj" />
    <Project Path="tests/Api.IntegrationTests/Api.IntegrationTests.csproj" />
    <Project Path="tests/Api.UnitTests/Api.UnitTests.csproj" />
  </Folder>
</Solution>
